# tlstore release the APK ships; bump with the block tlstore's scripts/release.sh prints.
tag 2026.09.25
472db60add925cfc05d2fd6f001a7da5be962e82e5a231d8d6a4c4bef6ec62cd  tlstore
54bdeac38c911d02cc853b96c13ee48fac0c7cece28b5bc269a7f79ff31a02dc  tlstore.minisig
60f37568c2aa0b6b597439ba13145c7a8f359c3cb773a46ec7cbfaa8c53832aa  catalog.tsv
1c0c916cd1561a7ec37e72b8c968dacdd9eea9d2d88cfc14e7c239f3c7b76117  catalog.tsv.minisig
2c2fb76510fd6bc8eb7960043329a6a46f9fb99a1e7ae38a38f2c216faa2685a  trusted.pub
5923937719edefc7ef0c98d1f165e9ba5ab55fbd6a8eb7c8f4f4fcfa384eb274  tlstore-ui-arm64-v8a
7f5eac040ab02211a6ac5ecf26a0aa4e05b58e63c7ecad973d321bface3085e5  tlstore-ui-x86_64
