# tlstore release the APK ships; bump with the block tlstore's scripts/release.sh prints.
tag 2026.09.25
0000000000000000000000000000000000000000000000000000000000000  tlstore
0000000000000000000000000000000000000000000000000000000000000  tlstore.minisig
0000000000000000000000000000000000000000000000000000000000000  catalog.tsv
0000000000000000000000000000000000000000000000000000000000000  catalog.tsv.minisig
0000000000000000000000000000000000000000000000000000000000000  trusted.pub
0000000000000000000000000000000000000000000000000000000000000  tlstore-ui-arm64-v8a
0000000000000000000000000000000000000000000000000000000000000  tlstore-ui-x86_64
