# tlstore release the APK ships; bump with the block tlstore's scripts/release.sh prints.
tag 2026.10.08-3
00c9d9d655d7e859a8a64a454c1055d36dcd94e7ec8bd87f82ddbc9e5729f03d  tlstore
9fff4960d93da76dd96be94444baf66d18ce3fd30ec16108ff4c923100fb2b38  tlstore.minisig
8be4352fb41d6c9f10dea615f6bc62942cdd94c737b3f75c03cd4dab074fee53  catalog.tsv
b8628440923517ac9df40682b01fd98936bc76bd842281057c13b4431c59be7d  catalog.tsv.minisig
2c2fb76510fd6bc8eb7960043329a6a46f9fb99a1e7ae38a38f2c216faa2685a  trusted.pub
b73d2af2b2e2da25a96a9aa8bf2065f00e79a3573d5decf4b53ec7e7ad2b9f6d  tlstore-ui-arm64-v8a
b69bb3b700f81006efbf9b7fc3e311355744e2bf1430364b6dcae49dafaa26c2  tlstore-ui-x86_64
